
Microsoft Visual Studio Solution File, Format Version 12.00
# Visual Studio Version 17
VisualStudioVersion = 17.4.33403.182
MinimumVisualStudioVersion = 10.0.40219.1
Project("{FAE04EC0-301F-11D3-BF4B-00C04F79EFBC}") = "musicPlayList", "musicPlayList.csproj", "{346AFEB6-D836-467B-96B7-25D72A51B180}"
EndProject
Global
	GlobalSection(SolutionConfigurationPlatforms) = preSolution
		Debug|Any CPU = Debug|Any CPU
		Release|Any CPU = Release|Any CPU
	EndGlobalSection
	GlobalSection(ProjectConfigurationPlatforms) = postSolution
		{346AFEB6-D836-467B-96B7-25D72A51B180}.Debug|Any CPU.ActiveCfg = Debug|Any CPU
		{346AFEB6-D836-467B-96B7-25D72A51B180}.Debug|Any CPU.Build.0 = Debug|Any CPU
		{346AFEB6-D836-467B-96B7-25D72A51B180}.Release|Any CPU.ActiveCfg = Release|Any CPU
		{346AFEB6-D836-467B-96B7-25D72A51B180}.Release|Any CPU.Build.0 = Release|Any CPU
	EndGlobalSection
	GlobalSection(SolutionProperties) = preSolution
		HideSolutionNode = FALSE
	EndGlobalSection
	GlobalSection(ExtensibilityGlobals) = postSolution
		SolutionGuid = {8BB69C57-39C7-4A82-88E6-E0F4A451C6DA}
	EndGlobalSection
EndGlobal
